
Microsoft Visual Studio Solution File, Format Version 12.00
# Visual Studio Version 17
VisualStudioVersion = 17.13.35913.81 d17.13
MinimumVisualStudioVersion = 10.0.40219.1
Project("{FAE04EC0-301F-11D3-BF4B-00C04F79EFBC}") = "sensores", "sensores\sensores.csproj", "{AEB9BEBF-B32F-4749-ACFC-C6EFC1E4DCAF}"
EndProject
Global
	GlobalSection(SolutionConfigurationPlatforms) = preSolution
		Debug|Any CPU = Debug|Any CPU
		Release|Any CPU = Release|Any CPU
	EndGlobalSection
	GlobalSection(ProjectConfigurationPlatforms) = postSolution
		{AEB9BEBF-B32F-4749-ACFC-C6EFC1E4DCAF}.Debug|Any CPU.ActiveCfg = Debug|Any CPU
		{AEB9BEBF-B32F-4749-ACFC-C6EFC1E4DCAF}.Debug|Any CPU.Build.0 = Debug|Any CPU
		{AEB9BEBF-B32F-4749-ACFC-C6EFC1E4DCAF}.Release|Any CPU.ActiveCfg = Release|Any CPU
		{AEB9BEBF-B32F-4749-ACFC-C6EFC1E4DCAF}.Release|Any CPU.Build.0 = Release|Any CPU
	EndGlobalSection
	GlobalSection(SolutionProperties) = preSolution
		HideSolutionNode = FALSE
	EndGlobalSection
	GlobalSection(ExtensibilityGlobals) = postSolution
		SolutionGuid = {0FF1C94C-986D-424D-A417-DDA98CDDBD45}
	EndGlobalSection
EndGlobal
